
Microsoft Visual Studio Solution File, Format Version 12.00
# Visual Studio Version 16
VisualStudioVersion = 16.0.28803.352
MinimumVisualStudioVersion = 10.0.40219.1
Project("{9A19103F-16F7-4668-BE54-9A1E7A4F7556}") = "expectable-dotnet", "expectable-dotnet\expectable-dotnet.csproj", "{C5C8FCE3-B346-4282-85C7-1E3EC5A3FF48}"
EndProject
Project("{FAE04EC0-301F-11D3-BF4B-00C04F79EFBC}") = "expectable-dotnet.Test", "expectable-dotnet.Test\expectable-dotnet.Test.csproj", "{3C55F446-5958-4B62-B406-78D7670605FE}"
EndProject
Project("{FAE04EC0-301F-11D3-BF4B-00C04F79EFBC}") = "expectable-dotnet.Example", "expectable-dotnet.Example\expectable-dotnet.Example.csproj", "{F480F3B6-9735-434E-9FC0-038724EEBB33}"
EndProject
Global
	GlobalSection(SolutionConfigurationPlatforms) = preSolution
		Debug|Any CPU = Debug|Any CPU
		Release|Any CPU = Release|Any CPU
	EndGlobalSection
	GlobalSection(ProjectConfigurationPlatforms) = postSolution
		{C5C8FCE3-B346-4282-85C7-1E3EC5A3FF48}.Debug|Any CPU.ActiveCfg = Debug|Any CPU
		{C5C8FCE3-B346-4282-85C7-1E3EC5A3FF48}.Debug|Any CPU.Build.0 = Debug|Any CPU
		{C5C8FCE3-B346-4282-85C7-1E3EC5A3FF48}.Release|Any CPU.ActiveCfg = Release|Any CPU
		{C5C8FCE3-B346-4282-85C7-1E3EC5A3FF48}.Release|Any CPU.Build.0 = Release|Any CPU
		{3C55F446-5958-4B62-B406-78D7670605FE}.Debug|Any CPU.ActiveCfg = Debug|Any CPU
		{3C55F446-5958-4B62-B406-78D7670605FE}.Debug|Any CPU.Build.0 = Debug|Any CPU
		{3C55F446-5958-4B62-B406-78D7670605FE}.Release|Any CPU.ActiveCfg = Release|Any CPU
		{3C55F446-5958-4B62-B406-78D7670605FE}.Release|Any CPU.Build.0 = Release|Any CPU
		{F480F3B6-9735-434E-9FC0-038724EEBB33}.Debug|Any CPU.ActiveCfg = Debug|Any CPU
		{F480F3B6-9735-434E-9FC0-038724EEBB33}.Debug|Any CPU.Build.0 = Debug|Any CPU
		{F480F3B6-9735-434E-9FC0-038724EEBB33}.Release|Any CPU.ActiveCfg = Release|Any CPU
		{F480F3B6-9735-434E-9FC0-038724EEBB33}.Release|Any CPU.Build.0 = Release|Any CPU
	EndGlobalSection
	GlobalSection(SolutionProperties) = preSolution
		HideSolutionNode = FALSE
	EndGlobalSection
	GlobalSection(ExtensibilityGlobals) = postSolution
		SolutionGuid = {06ACEC8F-171C-48A0-8E3B-C61C96D3B37C}
	EndGlobalSection
EndGlobal
